
Microsoft Visual Studio Solution File, Format Version 12.00
# Visual Studio Version 17
VisualStudioVersion = 17.9.34607.119
MinimumVisualStudioVersion = 10.0.40219.1
Project("{FAE04EC0-301F-11D3-BF4B-00C04F79EFBC}") = "BoogeyMan", "BoogeyMan.csproj", "{5638EDAB-D31F-49DC-8B88-407AF4F3971A}"
EndProject
Global
	GlobalSection(SolutionConfigurationPlatforms) = preSolution
		Debug|Any CPU = Debug|Any CPU
		Release|Any CPU = Release|Any CPU
	EndGlobalSection
	GlobalSection(ProjectConfigurationPlatforms) = postSolution
		{5638EDAB-D31F-49DC-8B88-407AF4F3971A}.Debug|Any CPU.ActiveCfg = Debug|Any CPU
		{5638EDAB-D31F-49DC-8B88-407AF4F3971A}.Debug|Any CPU.Build.0 = Debug|Any CPU
		{5638EDAB-D31F-49DC-8B88-407AF4F3971A}.Release|Any CPU.ActiveCfg = Release|Any CPU
		{5638EDAB-D31F-49DC-8B88-407AF4F3971A}.Release|Any CPU.Build.0 = Release|Any CPU
	EndGlobalSection
	GlobalSection(SolutionProperties) = preSolution
		HideSolutionNode = FALSE
	EndGlobalSection
	GlobalSection(ExtensibilityGlobals) = postSolution
		SolutionGuid = {FAECF8AA-5638-4E1B-AD58-2F41C7D09F3B}
	EndGlobalSection
EndGlobal
